// !$*UTF8*$!
{
	archiveVersion = 1;
	classes = {
	};
	objectVersion = 50;
	objects = {

/* Begin PBXBuildFile section */
		E989300222B1C65400282E40 /* CalculatorLogic.swift in Sources */ = {isa = PBXBuildFile; fileRef = E989300122B1C65400282E40 /* CalculatorLogic.swift */; };
		E98A1DFA228A3E20006134DF /* AppDelegate.swift in Sources */ = {isa = PBXBuildFile; fileRef = E98A1DF9228A3E20006134DF /* AppDelegate.swift */; };
		E98A1DFC228A3E20006134DF /* ViewController.swift in Sources */ = {isa = PBXBuildFile; fileRef = E98A1DFB228A3E20006134DF /* ViewController.swift */; };
		E98A1DFF228A3E20006134DF /* Main.storyboard in Resources */ = {isa = PBXBuildFile; fileRef = E98A1DFD228A3E20006134DF /* Main.storyboard */; };
		E98A1E01228A3E21006134DF /* Assets.xcassets in Resources */ = {isa = PBXBuildFile; fileRef = E98A1E00228A3E21006134DF /* Assets.xcassets */; };
		E98A1E04228A3E21006134DF /* LaunchScreen.storyboard in Resources */ = {isa = PBXBuildFile; fileRef = E98A1E02228A3E21006134DF /* LaunchScreen.storyboard */; };
/* End PBXBuildFile section */

/* Begin PBXFileReference section */
		E989300122B1C65400282E40 /* CalculatorLogic.swift */ = {isa = PBXFileReference; lastKnownFileType = sourcecode.swift; path = CalculatorLogic.swift; sourceTree = "<group>"; };
		E98A1DF6228A3E20006134DF /* Auto Laytout.app */ = {isa = PBXFileReference; explicitFileType = wrapper.application; includeInIndex = 0; path = "Auto Laytout.app"; sourceTree = BUILT_PRODUCTS_DIR; };
		E98A1DF9228A3E20006134DF /* AppDelegate.swift */ = {isa = PBXFileReference; lastKnownFileType = sourcecode.swift; path = AppDelegate.swift; sourceTree = "<group>"; };
		E98A1DFB228A3E20006134DF /* ViewController.swift */ = {isa = PBXFileReference; lastKnownFileType = sourcecode.swift; path = ViewController.swift; sourceTree = "<group>"; };
		E98A1DFE228A3E20006134DF /* Base */ = {isa = PBXFileReference; lastKnownFileType = file.storyboard; name = Base; path = Base.lproj/Main.storyboard; sourceTree = "<group>"; };
		E98A1E00228A3E21006134DF /* Assets.xcassets */ = {isa = PBXFileReference; lastKnownFileType = folder.assetcatalog; path = Assets.xcassets; sourceTree = "<group>"; };
		E98A1E03228A3E21006134DF /* Base */ = {isa = PBXFileReference; lastKnownFileType = file.storyboard; name = Base; path = Base.lproj/LaunchScreen.storyboard; sourceTree = "<group>"; };
		E98A1E05228A3E21006134DF /* Info.plist */ = {isa = PBXFileReference; lastKnownFileType = text.plist.xml; path = Info.plist; sourceTree = "<group>"; };
/* End PBXFileReference section */

/* Begin PBXFrameworksBuildPhase section */
		E98A1DF3228A3E20006134DF /* Frameworks */ = {
			isa = PBXFrameworksBuildPhase;
			buildActionMask = 2147483647;
			files = (
			);
			runOnlyForDeploymentPostprocessing = 0;
		};
/* End PBXFrameworksBuildPhase section */

/* Begin PBXGroup section */
		E9892FFE22B1C53100282E40 /* model */ = {
			isa = PBXGroup;
			children = (
				E989300122B1C65400282E40 /* CalculatorLogic.swift */,
			);
			path = model;
			sourceTree = "<group>";
		};
		E9892FFF22B1C53A00282E40 /* view */ = {
			isa = PBXGroup;
			children = (
				E98A1DFD228A3E20006134DF /* Main.storyboard */,
				E98A1E02228A3E21006134DF /* LaunchScreen.storyboard */,
			);
			path = view;
			sourceTree = "<group>";
		};
		E989300022B1C54200282E40 /* controller */ = {
			isa = PBXGroup;
			children = (
				E98A1DF9228A3E20006134DF /* AppDelegate.swift */,
				E98A1DFB228A3E20006134DF /* ViewController.swift */,
			);
			path = controller;
			sourceTree = "<group>";
		};
		E98A1DED228A3E20006134DF = {
			isa = PBXGroup;
			children = (
				E98A1DF8228A3E20006134DF /* Auto Laytout */,
				E98A1DF7228A3E20006134DF /* Products */,
			);
			sourceTree = "<group>";
		};
		E98A1DF7228A3E20006134DF /* Products */ = {
			isa = PBXGroup;
			children = (
				E98A1DF6228A3E20006134DF /* Auto Laytout.app */,
			);
			name = Products;
			sourceTree = "<group>";
		};
		E98A1DF8228A3E20006134DF /* Auto Laytout */ = {
			isa = PBXGroup;
			children = (
				E989300022B1C54200282E40 /* controller */,
				E9892FFF22B1C53A00282E40 /* view */,
				E9892FFE22B1C53100282E40 /* model */,
				E98A1E00228A3E21006134DF /* Assets.xcassets */,
				E98A1E05228A3E21006134DF /* Info.plist */,
			);
			path = "Auto Laytout";
			sourceTree = "<group>";
		};
/* End PBXGroup section */

/* Begin PBXNativeTarget section */
		E98A1DF5228A3E20006134DF /* Auto Laytout */ = {
			isa = PBXNativeTarget;
			buildConfigurationList = E98A1E08228A3E21006134DF /* Build configuration list for PBXNativeTarget "Auto Laytout" */;
			buildPhases = (
				E98A1DF2228A3E20006134DF /* Sources */,
				E98A1DF3228A3E20006134DF /* Frameworks */,
				E98A1DF4228A3E20006134DF /* Resources */,
			);
			buildRules = (
			);
			dependencies = (
			);
			name = "Auto Laytout";
			productName = "Auto Laytout";
			productReference = E98A1DF6228A3E20006134DF /* Auto Laytout.app */;
			productType = "com.apple.product-type.application";
		};
/* End PBXNativeTarget section */

/* Begin PBXProject section */
		E98A1DEE228A3E20006134DF /* Project object */ = {
			isa = PBXProject;
			attributes = {
				LastSwiftUpdateCheck = 1020;
				LastUpgradeCheck = 1020;
				ORGANIZATIONNAME = "Maurício de Freitas Sayão";
				TargetAttributes = {
					E98A1DF5228A3E20006134DF = {
						CreatedOnToolsVersion = 10.2.1;
					};
				};
			};
			buildConfigurationList = E98A1DF1228A3E20006134DF /* Build configuration list for PBXProject "Auto Laytout" */;
			compatibilityVersion = "Xcode 9.3";
			developmentRegion = en;
			hasScannedForEncodings = 0;
			knownRegions = (
				en,
				Base,
			);
			mainGroup = E98A1DED228A3E20006134DF;
			productRefGroup = E98A1DF7228A3E20006134DF /* Products */;
			projectDirPath = "";
			projectRoot = "";
			targets = (
				E98A1DF5228A3E20006134DF /* Auto Laytout */,
			);
		};
/* End PBXProject section */

/* Begin PBXResourcesBuildPhase section */
		E98A1DF4228A3E20006134DF /* Resources */ = {
			isa = PBXResourcesBuildPhase;
			buildActionMask = 2147483647;
			files = (
				E98A1E04228A3E21006134DF /* LaunchScreen.storyboard in Resources */,
				E98A1E01228A3E21006134DF /* Assets.xcassets in Resources */,
				E98A1DFF228A3E20006134DF /* Main.storyboard in Resources */,
			);
			runOnlyForDeploymentPostprocessing = 0;
		};
/* End PBXResourcesBuildPhase section */

/* Begin PBXSourcesBuildPhase section */
		E98A1DF2228A3E20006134DF /* Sources */ = {
			isa = PBXSourcesBuildPhase;
			buildActionMask = 2147483647;
			files = (
				E98A1DFC228A3E20006134DF /* ViewController.swift in Sources */,
				E98A1DFA228A3E20006134DF /* AppDelegate.swift in Sources */,
				E989300222B1C65400282E40 /* CalculatorLogic.swift in Sources */,
			);
			runOnlyForDeploymentPostprocessing = 0;
		};
/* End PBXSourcesBuildPhase section */

/* Begin PBXVariantGroup section */
		E98A1DFD228A3E20006134DF /* Main.storyboard */ = {
			isa = PBXVariantGroup;
			children = (
				E98A1DFE228A3E20006134DF /* Base */,
			);
			name = Main.storyboard;
			sourceTree = "<group>";
		};
		E98A1E02228A3E21006134DF /* LaunchScreen.storyboard */ = {
			isa = PBXVariantGroup;
			children = (
				E98A1E03228A3E21006134DF /* Base */,
			);
			name = LaunchScreen.storyboard;
			sourceTree = "<group>";
		};
/* End PBXVariantGroup section */

/* Begin XCBuildConfiguration section */
		E98A1E06228A3E21006134DF /* Debug */ = {
			isa = XCBuildConfiguration;
			buildSettings = {
				ALWAYS_SEARCH_USER_PATHS = NO;
				CLANG_ANALYZER_NONNULL = YES;
				CLANG_ANALYZER_NUMBER_OBJECT_CONVERSION = YES_AGGRESSIVE;
				CLANG_CXX_LANGUAGE_STANDARD = "gnu++14";
				CLANG_CXX_LIBRARY = "libc++";
				CLANG_ENABLE_MODULES = YES;
				CLANG_ENABLE_OBJC_ARC = YES;
				CLANG_ENABLE_OBJC_WEAK = YES;
				CLANG_WARN_BLOCK_CAPTURE_AUTORELEASING = YES;
				CLANG_WARN_BOOL_CONVERSION = YES;
				CLANG_WARN_COMMA = YES;
				CLANG_WARN_CONSTANT_CONVERSION = YES;
				CLANG_WARN_DEPRECATED_OBJC_IMPLEMENTATIONS = YES;
				CLANG_WARN_DIRECT_OBJC_ISA_USAGE = YES_ERROR;
				CLANG_WARN_DOCUMENTATION_COMMENTS = YES;
				CLANG_WARN_EMPTY_BODY = YES;
				CLANG_WARN_ENUM_CONVERSION = YES;
				CLANG_WARN_INFINITE_RECURSION = YES;
				CLANG_WARN_INT_CONVERSION = YES;
				CLANG_WARN_NON_LITERAL_NULL_CONVERSION = YES;
				CLANG_WARN_OBJC_IMPLICIT_RETAIN_SELF = YES;
				CLANG_WARN_OBJC_LITERAL_CONVERSION = YES;
				CLANG_WARN_OBJC_ROOT_CLASS = YES_ERROR;
				CLANG_WARN_RANGE_LOOP_ANALYSIS = YES;
				CLANG_WARN_STRICT_PROTOTYPES = YES;
				CLANG_WARN_SUSPICIOUS_MOVE = YES;
				CLANG_WARN_UNGUARDED_AVAILABILITY = YES_AGGRESSIVE;
				CLANG_WARN_UNREACHABLE_CODE = YES;
				CLANG_WARN__DUPLICATE_METHOD_MATCH = YES;
				CODE_SIGN_IDENTITY = "iPhone Developer";
				COPY_PHASE_STRIP = NO;
				DEBUG_INFORMATION_FORMAT = dwarf;
				ENABLE_STRICT_OBJC_MSGSEND = YES;
				ENABLE_TESTABILITY = YES;
				GCC_C_LANGUAGE_STANDARD = gnu11;
				GCC_DYNAMIC_NO_PIC = NO;
				GCC_NO_COMMON_BLOCKS = YES;
				GCC_OPTIMIZATION_LEVEL = 0;
				GCC_PREPROCESSOR_DEFINITIONS = (
					"DEBUG=1",
					"$(inherited)",
				);
				GCC_WARN_64_TO_32_BIT_CONVERSION = YES;
				GCC_WARN_ABOUT_RETURN_TYPE = YES_ERROR;
				GCC_WARN_UNDECLARED_SELECTOR = YES;
				GCC_WARN_UNINITIALIZED_AUTOS = YES_AGGRESSIVE;
				GCC_WARN_UNUSED_FUNCTION = YES;
				GCC_WARN_UNUSED_VARIABLE = YES;
				IPHONEOS_DEPLOYMENT_TARGET = 12.2;
				MTL_ENABLE_DEBUG_INFO = INCLUDE_SOURCE;
				MTL_FAST_MATH = YES;
				ONLY_ACTIVE_ARCH = YES;
				SDKROOT = iphoneos;
				SWIFT_ACTIVE_COMPILATION_CONDITIONS = DEBUG;
				SWIFT_OPTIMIZATION_LEVEL = "-Onone";
			};
			name = Debug;
		};
		E98A1E07228A3E21006134DF /* Release */ = {
			isa = XCBuildConfiguration;
			buildSettings = {
				ALWAYS_SEARCH_USER_PATHS = NO;
				CLANG_ANALYZER_NONNULL = YES;
				CLANG_ANALYZER_NUMBER_OBJECT_CONVERSION = YES_AGGRESSIVE;
				CLANG_CXX_LANGUAGE_STANDARD = "gnu++14";
				CLANG_CXX_LIBRARY = "libc++";
				CLANG_ENABLE_MODULES = YES;
				CLANG_ENABLE_OBJC_ARC = YES;
				CLANG_ENABLE_OBJC_WEAK = YES;
				CLANG_WARN_BLOCK_CAPTURE_AUTORELEASING = YES;
				CLANG_WARN_BOOL_CONVERSION = YES;
				CLANG_WARN_COMMA = YES;
				CLANG_WARN_CONSTANT_CONVERSION = YES;
				CLANG_WARN_DEPRECATED_OBJC_IMPLEMENTATIONS = YES;
				CLANG_WARN_DIRECT_OBJC_ISA_USAGE = YES_ERROR;
				CLANG_WARN_DOCUMENTATION_COMMENTS = YES;
				CLANG_WARN_EMPTY_BODY = YES;
				CLANG_WARN_ENUM_CONVERSION = YES;
				CLANG_WARN_INFINITE_RECURSION = YES;
				CLANG_WARN_INT_CONVERSION = YES;
				CLANG_WARN_NON_LITERAL_NULL_CONVERSION = YES;
				CLANG_WARN_OBJC_IMPLICIT_RETAIN_SELF = YES;
				CLANG_WARN_OBJC_LITERAL_CONVERSION = YES;
				CLANG_WARN_OBJC_ROOT_CLASS = YES_ERROR;
				CLANG_WARN_RANGE_LOOP_ANALYSIS = YES;
				CLANG_WARN_STRICT_PROTOTYPES = YES;
				CLANG_WARN_SUSPICIOUS_MOVE = YES;
				CLANG_WARN_UNGUARDED_AVAILABILITY = YES_AGGRESSIVE;
				CLANG_WARN_UNREACHABLE_CODE = YES;
				CLANG_WARN__DUPLICATE_METHOD_MATCH = YES;
				CODE_SIGN_IDENTITY = "iPhone Developer";
				COPY_PHASE_STRIP = NO;
				DEBUG_INFORMATION_FORMAT = "dwarf-with-dsym";
				ENABLE_NS_ASSERTIONS = NO;
				ENABLE_STRICT_OBJC_MSGSEND = YES;
				GCC_C_LANGUAGE_STANDARD = gnu11;
				GCC_NO_COMMON_BLOCKS = YES;
				GCC_WARN_64_TO_32_BIT_CONVERSION = YES;
				GCC_WARN_ABOUT_RETURN_TYPE = YES_ERROR;
				GCC_WARN_UNDECLARED_SELECTOR = YES;
				GCC_WARN_UNINITIALIZED_AUTOS = YES_AGGRESSIVE;
				GCC_WARN_UNUSED_FUNCTION = YES;
				GCC_WARN_UNUSED_VARIABLE = YES;
				IPHONEOS_DEPLOYMENT_TARGET = 12.2;
				MTL_ENABLE_DEBUG_INFO = NO;
				MTL_FAST_MATH = YES;
				SDKROOT = iphoneos;
				SWIFT_COMPILATION_MODE = wholemodule;
				SWIFT_OPTIMIZATION_LEVEL = "-O";
				VALIDATE_PRODUCT = YES;
			};
			name = Release;
		};
		E98A1E09228A3E21006134DF /* Debug */ = {
			isa = XCBuildConfiguration;
			buildSettings = {
				ASSETCATALOG_COMPILER_APPICON_NAME = AppIcon;
				CODE_SIGN_STYLE = Automatic;
				DEVELOPMENT_TEAM = 4K4R79DB5B;
				INFOPLIST_FILE = "Auto Laytout/Info.plist";
				LD_RUNPATH_SEARCH_PATHS = (
					"$(inherited)",
					"@executable_path/Frameworks",
				);
				PRODUCT_BUNDLE_IDENTIFIER = "br.com.mauricio.Auto-Laytout";
				PRODUCT_NAME = "$(TARGET_NAME)";
				SWIFT_VERSION = 5.0;
				TARGETED_DEVICE_FAMILY = "1,2";
			};
			name = Debug;
		};
		E98A1E0A228A3E21006134DF /* Release */ = {
			isa = XCBuildConfiguration;
			buildSettings = {
				ASSETCATALOG_COMPILER_APPICON_NAME = AppIcon;
				CODE_SIGN_STYLE = Automatic;
				DEVELOPMENT_TEAM = 4K4R79DB5B;
				INFOPLIST_FILE = "Auto Laytout/Info.plist";
				LD_RUNPATH_SEARCH_PATHS = (
					"$(inherited)",
					"@executable_path/Frameworks",
				);
				PRODUCT_BUNDLE_IDENTIFIER = "br.com.mauricio.Auto-Laytout";
				PRODUCT_NAME = "$(TARGET_NAME)";
				SWIFT_VERSION = 5.0;
				TARGETED_DEVICE_FAMILY = "1,2";
			};
			name = Release;
		};
/* End XCBuildConfiguration section */

/* Begin XCConfigurationList section */
		E98A1DF1228A3E20006134DF /* Build configuration list for PBXProject "Auto Laytout" */ = {
			isa = XCConfigurationList;
			buildConfigurations = (
				E98A1E06228A3E21006134DF /* Debug */,
				E98A1E07228A3E21006134DF /* Release */,
			);
			defaultConfigurationIsVisible = 0;
			defaultConfigurationName = Release;
		};
		E98A1E08228A3E21006134DF /* Build configuration list for PBXNativeTarget "Auto Laytout" */ = {
			isa = XCConfigurationList;
			buildConfigurations = (
				E98A1E09228A3E21006134DF /* Debug */,
				E98A1E0A228A3E21006134DF /* Release */,
			);
			defaultConfigurationIsVisible = 0;
			defaultConfigurationName = Release;
		};
/* End XCConfigurationList section */
	};
	rootObject = E98A1DEE228A3E20006134DF /* Project object */;
}
